# THIS IS AN AUTOGENERATED FILE. DO NOT EDIT THIS FILE DIRECTLY.
# yarn lockfile v1


c3@~0.4.10:
  version "0.4.14"
  resolved "https://registry.yarnpkg.com/c3/-/c3-0.4.14.tgz#f91232c44c1a6199a2f45665e37bad1a67a0a67f"
  dependencies:
    d3 "~3.5.0"

d3@~3.5.0:
  version "3.5.17"
  resolved "https://registry.yarnpkg.com/d3/-/d3-3.5.17.tgz#bc46748004378b21a360c9fc7cf5231790762fb8"

ekko-lightbox@~3.3.0:
  version "3.3.0"
  resolved "https://registry.yarnpkg.com/ekko-lightbox/-/ekko-lightbox-3.3.0.tgz#aedfc666d7d0b069d21db0581e10f844e7adc6c4"
